<?xml version="1.0" encoding="utf-8"?>
<Project ToolsVersion="4.0" xmlns="http://schemas.microsoft.com/developer/msbuild/2003">
  <ItemGroup>
    <Filter Include="Header Files">
      <UniqueIdentifier>{e4a06d73-516e-4bb0-83c1-c7c42d5cf806}</UniqueIdentifier>
    </Filter>
    <Filter Include="Source Files">
      <UniqueIdentifier>{3160ac76-e3d5-4061-bd84-f85ef62f1011}</UniqueIdentifier>
    </Filter>
    <Filter Include="snappy">
      <UniqueIdentifier>{fa3dc2bd-d3b3-4e42-aefe-ae8049f7fbf5}</UniqueIdentifier>
    </Filter>
  </ItemGroup>
  <ItemGroup>
    <ClCompile Include="SpyClient.cpp">
      <Filter>Source Files</Filter>
    </ClCompile>
    <ClCompile Include="ServiceCtrl.cpp">
      <Filter>Source Files</Filter>
    </ClCompile>
    <ClCompile Include="stdafx.cpp">
      <Filter>Source Files</Filter>
    </ClCompile>
    <ClCompile Include="PacketStruct.cpp">
      <Filter>Source Files</Filter>
    </ClCompile>
    <ClCompile Include="MainCtrl.cpp">
      <Filter>Source Files</Filter>
    </ClCompile>
    <ClCompile Include="ProtoMessage.pb.cc">
      <Filter>Source Files</Filter>
    </ClCompile>
    <ClCompile Include="Utils.cpp">
      <Filter>Source Files</Filter>
    </ClCompile>
    <ClCompile Include="EmailParse.cpp">
      <Filter>Source Files</Filter>
    </ClCompile>
    <ClCompile Include="CapturePacketThread.cpp">
      <Filter>Source Files</Filter>
    </ClCompile>
    <ClCompile Include="LogMod.cpp">
      <Filter>Source Files</Filter>
    </ClCompile>
    <ClCompile Include="AppConfig.cpp">
      <Filter>Source Files</Filter>
    </ClCompile>
    <ClCompile Include="ProtobufThread.cpp">
      <Filter>Source Files</Filter>
    </ClCompile>
    <ClCompile Include="snappy\snappy-sinksource.cc">
      <Filter>snappy</Filter>
    </ClCompile>
    <ClCompile Include="snappy\snappy-stubs-internal.cc">
      <Filter>snappy</Filter>
    </ClCompile>
    <ClCompile Include="snappy\snappy.cc">
      <Filter>snappy</Filter>
    </ClCompile>
    <ClCompile Include="SendDataThread.cpp">
      <Filter>Source Files</Filter>
    </ClCompile>
    <ClCompile Include="base64.cpp">
      <Filter>Source Files</Filter>
    </ClCompile>
    <ClCompile Include="FileParse.cpp">
      <Filter>Source Files</Filter>
    </ClCompile>
    <ClCompile Include="ProcessMap.cpp">
      <Filter>Source Files</Filter>
    </ClCompile>
    <ClCompile Include="md5.cpp">
      <Filter>Source Files</Filter>
    </ClCompile>
  </ItemGroup>
  <ItemGroup>
    <ClInclude Include="Resource.h">
      <Filter>Header Files</Filter>
    </ClInclude>
    <ClInclude Include="SpyClient.h">
      <Filter>Header Files</Filter>
    </ClInclude>
    <ClInclude Include="stdafx.h">
      <Filter>Header Files</Filter>
    </ClInclude>
    <ClInclude Include="PacketStruct.h">
      <Filter>Header Files</Filter>
    </ClInclude>
    <ClInclude Include="MainCtrl.h">
      <Filter>Header Files</Filter>
    </ClInclude>
    <ClInclude Include="ProtoMessage.pb.h">
      <Filter>Header Files</Filter>
    </ClInclude>
    <ClInclude Include="Utils.h">
      <Filter>Header Files</Filter>
    </ClInclude>
    <ClInclude Include="global.h">
      <Filter>Header Files</Filter>
    </ClInclude>
    <ClInclude Include="EmailParse.h">
      <Filter>Header Files</Filter>
    </ClInclude>
    <ClInclude Include="CapturePacketThread.h">
      <Filter>Header Files</Filter>
    </ClInclude>
    <ClInclude Include="LogMod.h">
      <Filter>Header Files</Filter>
    </ClInclude>
    <ClInclude Include="AppConfig.h">
      <Filter>Header Files</Filter>
    </ClInclude>
    <ClInclude Include="ProtobufThread.h">
      <Filter>Header Files</Filter>
    </ClInclude>
    <ClInclude Include="ServiceCtrl.h">
      <Filter>Header Files</Filter>
    </ClInclude>
    <ClInclude Include="snappy\snappy-internal.h">
      <Filter>snappy</Filter>
    </ClInclude>
    <ClInclude Include="snappy\snappy.h">
      <Filter>snappy</Filter>
    </ClInclude>
    <ClInclude Include="snappy\snappy-sinksource.h">
      <Filter>snappy</Filter>
    </ClInclude>
    <ClInclude Include="snappy\snappy-stubs-internal.h">
      <Filter>snappy</Filter>
    </ClInclude>
    <ClInclude Include="snappy\snappy-stubs-public.h">
      <Filter>snappy</Filter>
    </ClInclude>
    <ClInclude Include="SendDataThread.h">
      <Filter>Header Files</Filter>
    </ClInclude>
    <ClInclude Include="base64.h">
      <Filter>Header Files</Filter>
    </ClInclude>
    <ClInclude Include="FileParse.h">
      <Filter>Header Files</Filter>
    </ClInclude>
    <ClInclude Include="ProcessMap.h">
      <Filter>Header Files</Filter>
    </ClInclude>
    <ClInclude Include="md5.h">
      <Filter>Header Files</Filter>
    </ClInclude>
  </ItemGroup>
  <ItemGroup>
    <None Include="ProtoMessage.proto" />
  </ItemGroup>
  <ItemGroup>
    <Library Include="..\thirdparty\sqlite3\sqlite3.lib" />
  </ItemGroup>
</Project>